
Microsoft Visual Studio Solution File, Format Version 12.00
# Visual Studio 15
VisualStudioVersion = 15.0.26430.13
MinimumVisualStudioVersion = 10.0.40219.1
Project("{9A19103F-16F7-4668-BE54-9A1E7A4F7556}") = "EzBus", "..\src\EzBus\EzBus.csproj", "{C4ECE895-5489-41E3-B084-FBA06C4AE3F6}"
EndProject
Project("{9A19103F-16F7-4668-BE54-9A1E7A4F7556}") = "EzBus.Core", "..\src\EzBus.Core\EzBus.Core.csproj", "{0AA60278-30C1-4697-BF05-BA2A32F58E74}"
EndProject
Project("{FAE04EC0-301F-11D3-BF4B-00C04F79EFBC}") = "EzBus.Msmq", "..\src\EzBus.Msmq\EzBus.Msmq.csproj", "{3F5D0C34-372D-49CD-A591-CFD59471EDA2}"
EndProject
Project("{FAE04EC0-301F-11D3-BF4B-00C04F79EFBC}") = "Msmq.Client", "Msmq.Client\Msmq.Client.csproj", "{79E1CE85-BBBD-4B59-9D5F-AE1525BD39AF}"
EndProject
Project("{FAE04EC0-301F-11D3-BF4B-00C04F79EFBC}") = "Msmq.Service", "Msmq.Service\Msmq.Service.csproj", "{205F7F33-AD5F-4C69-85C2-8A55B4018726}"
EndProject
Global
	GlobalSection(SolutionConfigurationPlatforms) = preSolution
		Debug|Any CPU = Debug|Any CPU
		Release|Any CPU = Release|Any CPU
	EndGlobalSection
	GlobalSection(ProjectConfigurationPlatforms) = postSolution
		{C4ECE895-5489-41E3-B084-FBA06C4AE3F6}.Debug|Any CPU.ActiveCfg = Debug|Any CPU
		{C4ECE895-5489-41E3-B084-FBA06C4AE3F6}.Debug|Any CPU.Build.0 = Debug|Any CPU
		{C4ECE895-5489-41E3-B084-FBA06C4AE3F6}.Release|Any CPU.ActiveCfg = Release|Any CPU
		{C4ECE895-5489-41E3-B084-FBA06C4AE3F6}.Release|Any CPU.Build.0 = Release|Any CPU
		{0AA60278-30C1-4697-BF05-BA2A32F58E74}.Debug|Any CPU.ActiveCfg = Debug|Any CPU
		{0AA60278-30C1-4697-BF05-BA2A32F58E74}.Debug|Any CPU.Build.0 = Debug|Any CPU
		{0AA60278-30C1-4697-BF05-BA2A32F58E74}.Release|Any CPU.ActiveCfg = Release|Any CPU
		{0AA60278-30C1-4697-BF05-BA2A32F58E74}.Release|Any CPU.Build.0 = Release|Any CPU
		{3F5D0C34-372D-49CD-A591-CFD59471EDA2}.Debug|Any CPU.ActiveCfg = Debug|Any CPU
		{3F5D0C34-372D-49CD-A591-CFD59471EDA2}.Debug|Any CPU.Build.0 = Debug|Any CPU
		{3F5D0C34-372D-49CD-A591-CFD59471EDA2}.Release|Any CPU.ActiveCfg = Release|Any CPU
		{3F5D0C34-372D-49CD-A591-CFD59471EDA2}.Release|Any CPU.Build.0 = Release|Any CPU
		{79E1CE85-BBBD-4B59-9D5F-AE1525BD39AF}.Debug|Any CPU.ActiveCfg = Debug|Any CPU
		{79E1CE85-BBBD-4B59-9D5F-AE1525BD39AF}.Debug|Any CPU.Build.0 = Debug|Any CPU
		{79E1CE85-BBBD-4B59-9D5F-AE1525BD39AF}.Release|Any CPU.ActiveCfg = Release|Any CPU
		{79E1CE85-BBBD-4B59-9D5F-AE1525BD39AF}.Release|Any CPU.Build.0 = Release|Any CPU
		{205F7F33-AD5F-4C69-85C2-8A55B4018726}.Debug|Any CPU.ActiveCfg = Debug|Any CPU
		{205F7F33-AD5F-4C69-85C2-8A55B4018726}.Debug|Any CPU.Build.0 = Debug|Any CPU
		{205F7F33-AD5F-4C69-85C2-8A55B4018726}.Release|Any CPU.ActiveCfg = Release|Any CPU
		{205F7F33-AD5F-4C69-85C2-8A55B4018726}.Release|Any CPU.Build.0 = Release|Any CPU
	EndGlobalSection
	GlobalSection(SolutionProperties) = preSolution
		HideSolutionNode = FALSE
	EndGlobalSection
EndGlobal
