
Microsoft Visual Studio Solution File, Format Version 12.00
# Visual Studio 15
VisualStudioVersion = 15.0.26403.7
MinimumVisualStudioVersion = 10.0.40219.1
Project("{9A19103F-16F7-4668-BE54-9A1E7A4F7556}") = "EzBus", "EzBus\EzBus.csproj", "{ECDE44BA-F44D-442A-B914-B7405EAFA69D}"
EndProject
Project("{9A19103F-16F7-4668-BE54-9A1E7A4F7556}") = "EzBus.Core", "EzBus.Core\EzBus.Core.csproj", "{09EA7FC5-A6BE-4FC6-9AE3-4CB1134704FA}"
EndProject
Project("{9A19103F-16F7-4668-BE54-9A1E7A4F7556}") = "EzBus.Core.Test", "EzBus.Core.Test\EzBus.Core.Test.csproj", "{A0AD14C9-0172-4CAD-8704-B8610B39DFE5}"
EndProject
Project("{9A19103F-16F7-4668-BE54-9A1E7A4F7556}") = "EzBus.AcceptanceTest", "EzBus.AcceptanceTest\EzBus.AcceptanceTest.csproj", "{63769B5F-E76C-451C-B9A0-3FF1BE9D12CA}"
EndProject
Project("{FAE04EC0-301F-11D3-BF4B-00C04F79EFBC}") = "EzBus.Msmq", "EzBus.Msmq\EzBus.Msmq.csproj", "{3F5D0C34-372D-49CD-A591-CFD59471EDA2}"
EndProject
Project("{FAE04EC0-301F-11D3-BF4B-00C04F79EFBC}") = "EzBus.log4net", "EzBus.Log4Net\EzBus.log4net.csproj", "{CD96F4E9-66EA-45E1-981B-91A21FA0291E}"
EndProject
Global
	GlobalSection(SolutionConfigurationPlatforms) = preSolution
		Debug|Any CPU = Debug|Any CPU
		Release|Any CPU = Release|Any CPU
	EndGlobalSection
	GlobalSection(ProjectConfigurationPlatforms) = postSolution
		{ECDE44BA-F44D-442A-B914-B7405EAFA69D}.Debug|Any CPU.ActiveCfg = Debug|Any CPU
		{ECDE44BA-F44D-442A-B914-B7405EAFA69D}.Debug|Any CPU.Build.0 = Debug|Any CPU
		{ECDE44BA-F44D-442A-B914-B7405EAFA69D}.Release|Any CPU.ActiveCfg = Release|Any CPU
		{ECDE44BA-F44D-442A-B914-B7405EAFA69D}.Release|Any CPU.Build.0 = Release|Any CPU
		{09EA7FC5-A6BE-4FC6-9AE3-4CB1134704FA}.Debug|Any CPU.ActiveCfg = Debug|Any CPU
		{09EA7FC5-A6BE-4FC6-9AE3-4CB1134704FA}.Debug|Any CPU.Build.0 = Debug|Any CPU
		{09EA7FC5-A6BE-4FC6-9AE3-4CB1134704FA}.Release|Any CPU.ActiveCfg = Release|Any CPU
		{09EA7FC5-A6BE-4FC6-9AE3-4CB1134704FA}.Release|Any CPU.Build.0 = Release|Any CPU
		{A0AD14C9-0172-4CAD-8704-B8610B39DFE5}.Debug|Any CPU.ActiveCfg = Debug|Any CPU
		{A0AD14C9-0172-4CAD-8704-B8610B39DFE5}.Debug|Any CPU.Build.0 = Debug|Any CPU
		{A0AD14C9-0172-4CAD-8704-B8610B39DFE5}.Release|Any CPU.ActiveCfg = Release|Any CPU
		{A0AD14C9-0172-4CAD-8704-B8610B39DFE5}.Release|Any CPU.Build.0 = Release|Any CPU
		{63769B5F-E76C-451C-B9A0-3FF1BE9D12CA}.Debug|Any CPU.ActiveCfg = Debug|Any CPU
		{63769B5F-E76C-451C-B9A0-3FF1BE9D12CA}.Debug|Any CPU.Build.0 = Debug|Any CPU
		{63769B5F-E76C-451C-B9A0-3FF1BE9D12CA}.Release|Any CPU.ActiveCfg = Release|Any CPU
		{63769B5F-E76C-451C-B9A0-3FF1BE9D12CA}.Release|Any CPU.Build.0 = Release|Any CPU
		{3F5D0C34-372D-49CD-A591-CFD59471EDA2}.Debug|Any CPU.ActiveCfg = Debug|Any CPU
		{3F5D0C34-372D-49CD-A591-CFD59471EDA2}.Debug|Any CPU.Build.0 = Debug|Any CPU
		{3F5D0C34-372D-49CD-A591-CFD59471EDA2}.Release|Any CPU.ActiveCfg = Release|Any CPU
		{3F5D0C34-372D-49CD-A591-CFD59471EDA2}.Release|Any CPU.Build.0 = Release|Any CPU
		{CD96F4E9-66EA-45E1-981B-91A21FA0291E}.Debug|Any CPU.ActiveCfg = Debug|Any CPU
		{CD96F4E9-66EA-45E1-981B-91A21FA0291E}.Debug|Any CPU.Build.0 = Debug|Any CPU
		{CD96F4E9-66EA-45E1-981B-91A21FA0291E}.Release|Any CPU.ActiveCfg = Release|Any CPU
		{CD96F4E9-66EA-45E1-981B-91A21FA0291E}.Release|Any CPU.Build.0 = Release|Any CPU
	EndGlobalSection
	GlobalSection(SolutionProperties) = preSolution
		HideSolutionNode = FALSE
	EndGlobalSection
EndGlobal
