
Microsoft Visual Studio Solution File, Format Version 12.00
# Visual Studio 14
VisualStudioVersion = 14.0.23107.0
MinimumVisualStudioVersion = 10.0.40219.1
Project("{FAE04EC0-301F-11D3-BF4B-00C04F79EFBC}") = "EzBus", "EzBus\EzBus.csproj", "{31BB0DDF-DCED-49D0-8FC8-0D8AC396DD7B}"
EndProject
Project("{FAE04EC0-301F-11D3-BF4B-00C04F79EFBC}") = "EzBus.Msmq", "EzBus.Msmq\EzBus.Msmq.csproj", "{3F5D0C34-372D-49CD-A591-CFD59471EDA2}"
EndProject
Global
	GlobalSection(SolutionConfigurationPlatforms) = preSolution
		Debug|Any CPU = Debug|Any CPU
		Release|Any CPU = Release|Any CPU
	EndGlobalSection
	GlobalSection(ProjectConfigurationPlatforms) = postSolution
		{31BB0DDF-DCED-49D0-8FC8-0D8AC396DD7B}.Debug|Any CPU.ActiveCfg = Debug|Any CPU
		{31BB0DDF-DCED-49D0-8FC8-0D8AC396DD7B}.Debug|Any CPU.Build.0 = Debug|Any CPU
		{31BB0DDF-DCED-49D0-8FC8-0D8AC396DD7B}.Release|Any CPU.ActiveCfg = Release|Any CPU
		{31BB0DDF-DCED-49D0-8FC8-0D8AC396DD7B}.Release|Any CPU.Build.0 = Release|Any CPU
		{3F5D0C34-372D-49CD-A591-CFD59471EDA2}.Debug|Any CPU.ActiveCfg = Debug|Any CPU
		{3F5D0C34-372D-49CD-A591-CFD59471EDA2}.Debug|Any CPU.Build.0 = Debug|Any CPU
		{3F5D0C34-372D-49CD-A591-CFD59471EDA2}.Release|Any CPU.ActiveCfg = Release|Any CPU
		{3F5D0C34-372D-49CD-A591-CFD59471EDA2}.Release|Any CPU.Build.0 = Release|Any CPU
	EndGlobalSection
	GlobalSection(SolutionProperties) = preSolution
		HideSolutionNode = FALSE
	EndGlobalSection
EndGlobal
